
Microsoft Visual Studio Solution File, Format Version 12.00
# Visual Studio Version 17
VisualStudioVersion = 17.7.34024.191
MinimumVisualStudioVersion = 10.0.40219.1
Project("{FAE04EC0-301F-11D3-BF4B-00C04F79EFBC}") = "Week8EpicGame", "Week8EpicGame\Week8EpicGame.csproj", "{49A36EBB-340A-4668-8337-65F69817953C}"
EndProject
Global
	GlobalSection(SolutionConfigurationPlatforms) = preSolution
		Debug|Any CPU = Debug|Any CPU
		Release|Any CPU = Release|Any CPU
	EndGlobalSection
	GlobalSection(ProjectConfigurationPlatforms) = postSolution
		{49A36EBB-340A-4668-8337-65F69817953C}.Debug|Any CPU.ActiveCfg = Debug|Any CPU
		{49A36EBB-340A-4668-8337-65F69817953C}.Debug|Any CPU.Build.0 = Debug|Any CPU
		{49A36EBB-340A-4668-8337-65F69817953C}.Release|Any CPU.ActiveCfg = Release|Any CPU
		{49A36EBB-340A-4668-8337-65F69817953C}.Release|Any CPU.Build.0 = Release|Any CPU
	EndGlobalSection
	GlobalSection(SolutionProperties) = preSolution
		HideSolutionNode = FALSE
	EndGlobalSection
	GlobalSection(ExtensibilityGlobals) = postSolution
		SolutionGuid = {807F8501-CC0D-455C-86F2-30D94CF0A407}
	EndGlobalSection
EndGlobal
